
Microsoft Visual Studio Solution File, Format Version 12.00
# Visual Studio 15
VisualStudioVersion = 15.0.27004.2005
MinimumVisualStudioVersion = 10.0.40219.1
Project("{9A19103F-16F7-4668-BE54-9A1E7A4F7556}") = "RecruitmentM.Web.Host", "RecruitmentM.Web.Host\RecruitmentM.Web.Host.csproj", "{EF656F43-895C-4A7B-BC69-19753F93C89F}"
EndProject
Project("{9A19103F-16F7-4668-BE54-9A1E7A4F7556}") = "RecruitmentM.Core", "RecruitmentM.Core\RecruitmentM.Core.csproj", "{29BA2D01-E7A4-423F-AE41-B59E096EEACA}"
EndProject
Project("{9A19103F-16F7-4668-BE54-9A1E7A4F7556}") = "RecruitmentM.Application", "RecruitmentM.Application\RecruitmentM.Application.csproj", "{FCD963FB-97CB-46C2-ABC7-ACA7B65C6AED}"
EndProject
Project("{9A19103F-16F7-4668-BE54-9A1E7A4F7556}") = "RecruitmentM.EntityFrameworkCore", "RecruitmentM.EntityFrameworkCore\RecruitmentM.EntityFrameworkCore.csproj", "{1BAFAECD-F09F-4DD7-A8ED-9DCACE60A526}"
EndProject
Global
	GlobalSection(SolutionConfigurationPlatforms) = preSolution
		Debug|Any CPU = Debug|Any CPU
		Release|Any CPU = Release|Any CPU
	EndGlobalSection
	GlobalSection(ProjectConfigurationPlatforms) = postSolution
		{EF656F43-895C-4A7B-BC69-19753F93C89F}.Debug|Any CPU.ActiveCfg = Debug|Any CPU
		{EF656F43-895C-4A7B-BC69-19753F93C89F}.Debug|Any CPU.Build.0 = Debug|Any CPU
		{EF656F43-895C-4A7B-BC69-19753F93C89F}.Release|Any CPU.ActiveCfg = Release|Any CPU
		{EF656F43-895C-4A7B-BC69-19753F93C89F}.Release|Any CPU.Build.0 = Release|Any CPU
		{29BA2D01-E7A4-423F-AE41-B59E096EEACA}.Debug|Any CPU.ActiveCfg = Debug|Any CPU
		{29BA2D01-E7A4-423F-AE41-B59E096EEACA}.Debug|Any CPU.Build.0 = Debug|Any CPU
		{29BA2D01-E7A4-423F-AE41-B59E096EEACA}.Release|Any CPU.ActiveCfg = Release|Any CPU
		{29BA2D01-E7A4-423F-AE41-B59E096EEACA}.Release|Any CPU.Build.0 = Release|Any CPU
		{FCD963FB-97CB-46C2-ABC7-ACA7B65C6AED}.Debug|Any CPU.ActiveCfg = Debug|Any CPU
		{FCD963FB-97CB-46C2-ABC7-ACA7B65C6AED}.Debug|Any CPU.Build.0 = Debug|Any CPU
		{FCD963FB-97CB-46C2-ABC7-ACA7B65C6AED}.Release|Any CPU.ActiveCfg = Release|Any CPU
		{FCD963FB-97CB-46C2-ABC7-ACA7B65C6AED}.Release|Any CPU.Build.0 = Release|Any CPU
		{1BAFAECD-F09F-4DD7-A8ED-9DCACE60A526}.Debug|Any CPU.ActiveCfg = Debug|Any CPU
		{1BAFAECD-F09F-4DD7-A8ED-9DCACE60A526}.Debug|Any CPU.Build.0 = Debug|Any CPU
		{1BAFAECD-F09F-4DD7-A8ED-9DCACE60A526}.Release|Any CPU.ActiveCfg = Release|Any CPU
		{1BAFAECD-F09F-4DD7-A8ED-9DCACE60A526}.Release|Any CPU.Build.0 = Release|Any CPU
	EndGlobalSection
	GlobalSection(SolutionProperties) = preSolution
		HideSolutionNode = FALSE
	EndGlobalSection
	GlobalSection(ExtensibilityGlobals) = postSolution
		SolutionGuid = {ACF122B2-22FD-4B4E-B5F2-9A2C4ECC808F}
	EndGlobalSection
EndGlobal
